PODS:
  - Alamofire (2.0.2)
  - APAvatarImageView (1.1.0)
  - MapleBacon (2.0.7)
  - PageMenu (1.2.9)

DEPENDENCIES:
  - Alamofire (~> 2.0)
  - APAvatarImageView
  - MapleBacon
  - PageMenu

SPEC CHECKSUMS:
  Alamofire: 8edbab00802a752bb5240cc2abe70e7e881488ad
  APAvatarImageView: 428dbd0631a150fe876f90bfd7eaa275a19b9209
  MapleBacon: be3192c52f95f4e1b6e6e8aa8d666cedeb207430
  PageMenu: ba19ff267f7a19e444e93c20a7847b78954a7011

COCOAPODS: 0.39.0
